
Microsoft Visual Studio Solution File, Format Version 12.00
Project("{FAE04EC0-301F-11D3-BF4B-00C04F79EFBC}") = "fruteria", "fruteria\fruteria.csproj", "{D6572D78-A01E-4C4A-A961-734CDF824ED4}"
EndProject
Project("{FAE04EC0-301F-11D3-BF4B-00C04F79EFBC}") = "calculadora", "calculadora\calculadora.csproj", "{768EE8F2-0B35-4065-87B3-C8625B87D2A6}"
EndProject
Project("{FAE04EC0-301F-11D3-BF4B-00C04F79EFBC}") = "triangulo", "triangulo\triangulo.csproj", "{C5CCD6BC-95A5-42BC-B11B-D114E9A7688E}"
EndProject
Global
	GlobalSection(SolutionConfigurationPlatforms) = preSolution
		Debug|Any CPU = Debug|Any CPU
		Release|Any CPU = Release|Any CPU
	EndGlobalSection
	GlobalSection(ProjectConfigurationPlatforms) = postSolution
		{D6572D78-A01E-4C4A-A961-734CDF824ED4}.Debug|Any CPU.ActiveCfg = Debug|Any CPU
		{D6572D78-A01E-4C4A-A961-734CDF824ED4}.Debug|Any CPU.Build.0 = Debug|Any CPU
		{D6572D78-A01E-4C4A-A961-734CDF824ED4}.Release|Any CPU.ActiveCfg = Release|Any CPU
		{D6572D78-A01E-4C4A-A961-734CDF824ED4}.Release|Any CPU.Build.0 = Release|Any CPU
		{768EE8F2-0B35-4065-87B3-C8625B87D2A6}.Debug|Any CPU.ActiveCfg = Debug|Any CPU
		{768EE8F2-0B35-4065-87B3-C8625B87D2A6}.Debug|Any CPU.Build.0 = Debug|Any CPU
		{768EE8F2-0B35-4065-87B3-C8625B87D2A6}.Release|Any CPU.ActiveCfg = Release|Any CPU
		{768EE8F2-0B35-4065-87B3-C8625B87D2A6}.Release|Any CPU.Build.0 = Release|Any CPU
		{C5CCD6BC-95A5-42BC-B11B-D114E9A7688E}.Debug|Any CPU.ActiveCfg = Debug|Any CPU
		{C5CCD6BC-95A5-42BC-B11B-D114E9A7688E}.Debug|Any CPU.Build.0 = Debug|Any CPU
		{C5CCD6BC-95A5-42BC-B11B-D114E9A7688E}.Release|Any CPU.ActiveCfg = Release|Any CPU
		{C5CCD6BC-95A5-42BC-B11B-D114E9A7688E}.Release|Any CPU.Build.0 = Release|Any CPU
	EndGlobalSection
EndGlobal
